github.com/aerospike/aerospike-client-go/v8 v8.9.0 h1:SKcGzskEaq1ewOB8dX233hDVp/n7UXnfGG1353iez70=
github.com/aerospike/aerospike-client-go/v8 v8.9.0/go.mod h1:c/IWx9hALIo6sD4aXP/9C5zMp937vJdskNytuVWdqvc=
github.com/wadey/gocovmerge v0.0.0-20160331181800-b5bfa59ec0ad h1:W0LEBv82YCGEtcmPA3uNZBI33/qF//HAAs3MawDjRa0=
github.com/wadey/gocovmerge v0.0.0-20160331181800-b5bfa59ec0ad/go.mod h1:Hy8o65+MXnS6EwGElrSRjUzQDLXreJlzYLlWiHtt8hM=
github.com/yuin/gopher-lua v1.1.2 h1:yF/FjE3hD65tBbt0VXLE13HWS9h34fdzJmrWRXwobGA=
github.com/yuin/gopher-lua v1.1.2/go.mod h1:7aRmXIWl37SqRf0koeyylBEzJ+aPt8A+mmkQ4f1ntR8=
golang.org/x/sync v0.16.0 h1:ycBJEhp9p4vXvUZNszeOq0kGTPghopOL8q0fq3vstxw=
golang.org/x/sync v0.16.0/go.mod h1:1dzgHSNfp02xaA81J2MS99Qcpr2w7fw1gpm99rleRqA=
golang.org/x/tools v0.36.0 h1:kWS0uv/zsvHEle1LbV5LE8QujrxB3wfQyxHfhOk0Qkg=
golang.org/x/tools v0.36.0/go.mod h1:WBDiHKJK8YgLHlcQPYQzNCkUxUypCaa5ZegCVutKm+s=
gopkg.in/check.v1 v0.0.0-20161208181325-20d25e280405/go.mod h1:Co6ibVJAznAaIkqp8huTwlJQCZ016jof/cbN4VW5Yz0=
gopkg.in/yaml.v3 v3.0.1 h1:fxVm/GzAzEWqLHuvctI91KS9hhNmmWOoWu0XTYJS7CA=
gopkg.in/yaml.v3 v3.0.1/go.mod h1:K4uyk7z7BCEPqu6E+C64Yfv1cQ7kz7rIZviUmN+EgEM=
